
Microsoft Visual Studio Solution File, Format Version 12.00
# Visual Studio Version 17
VisualStudioVersion = 17.11.35327.3
MinimumVisualStudioVersion = 10.0.40219.1
Project("{FAE04EC0-301F-11D3-BF4B-00C04F79EFBC}") = "NichyDziennik", "NichyDziennik.csproj", "{A1B7EE43-F015-4E07-99BD-917CBABA00E3}"
EndProject
Global
	GlobalSection(SolutionConfigurationPlatforms) = preSolution
		Debug|Any CPU = Debug|Any CPU
		Release|Any CPU = Release|Any CPU
	EndGlobalSection
	GlobalSection(ProjectConfigurationPlatforms) = postSolution
		{A1B7EE43-F015-4E07-99BD-917CBABA00E3}.Debug|Any CPU.ActiveCfg = Debug|Any CPU
		{A1B7EE43-F015-4E07-99BD-917CBABA00E3}.Debug|Any CPU.Build.0 = Debug|Any CPU
		{A1B7EE43-F015-4E07-99BD-917CBABA00E3}.Release|Any CPU.ActiveCfg = Release|Any CPU
		{A1B7EE43-F015-4E07-99BD-917CBABA00E3}.Release|Any CPU.Build.0 = Release|Any CPU
	EndGlobalSection
	GlobalSection(SolutionProperties) = preSolution
		HideSolutionNode = FALSE
	EndGlobalSection
	GlobalSection(ExtensibilityGlobals) = postSolution
		SolutionGuid = {D9B008F8-4C2F-496B-82E8-E83C4BCA7A75}
	EndGlobalSection
EndGlobal
